// !$*UTF8*$!
{
	archiveVersion = 1;
	classes = {
	};
	objectVersion = 56;
	objects = {

/* Begin PBXBuildFile section */
		2195DFCA2AA7D9C900F17D7D /* LoginView.swift in Sources */ = {isa = PBXBuildFile; fileRef = 2195DFC92AA7D9C900F17D7D /* LoginView.swift */; };
		2195DFCD2AA7DBBC00F17D7D /* View+Extensions.swift in Sources */ = {isa = PBXBuildFile; fileRef = 2195DFCC2AA7DBBC00F17D7D /* View+Extensions.swift */; };
		2195DFCF2AA7DE3600F17D7D /* CustomTextField.swift in Sources */ = {isa = PBXBuildFile; fileRef = 2195DFCE2AA7DE3600F17D7D /* CustomTextField.swift */; };
		2195DFD12AA7E6A800F17D7D /* CustomButton.swift in Sources */ = {isa = PBXBuildFile; fileRef = 2195DFD02AA7E6A800F17D7D /* CustomButton.swift */; };
		21A7E0E82AA6832C004D3E98 /* signup_uiApp.swift in Sources */ = {isa = PBXBuildFile; fileRef = 21A7E0E72AA6832C004D3E98 /* signup_uiApp.swift */; };
		21A7E0EA2AA6832C004D3E98 /* ContentView.swift in Sources */ = {isa = PBXBuildFile; fileRef = 21A7E0E92AA6832C004D3E98 /* ContentView.swift */; };
		21A7E0EC2AA6832E004D3E98 /* Assets.xcassets in Resources */ = {isa = PBXBuildFile; fileRef = 21A7E0EB2AA6832E004D3E98 /* Assets.xcassets */; };
		21A7E0EF2AA6832E004D3E98 /* Preview Assets.xcassets in Resources */ = {isa = PBXBuildFile; fileRef = 21A7E0EE2AA6832E004D3E98 /* Preview Assets.xcassets */; };
		21A7E0F72AA683A0004D3E98 /* OTPVerificationVIew.swift in Sources */ = {isa = PBXBuildFile; fileRef = 21A7E0F62AA683A0004D3E98 /* OTPVerificationVIew.swift */; };
		21A7E0F92AA695F9004D3E98 /* OTPVIew.swift in Sources */ = {isa = PBXBuildFile; fileRef = 21A7E0F82AA695F9004D3E98 /* OTPVIew.swift */; };
/* End PBXBuildFile section */

/* Begin PBXFileReference section */
		2195DFC92AA7D9C900F17D7D /* LoginView.swift */ = {isa = PBXFileReference; lastKnownFileType = sourcecode.swift; path = LoginView.swift; sourceTree = "<group>"; };
		2195DFCC2AA7DBBC00F17D7D /* View+Extensions.swift */ = {isa = PBXFileReference; lastKnownFileType = sourcecode.swift; path = "View+Extensions.swift"; sourceTree = "<group>"; };
		2195DFCE2AA7DE3600F17D7D /* CustomTextField.swift */ = {isa = PBXFileReference; lastKnownFileType = sourcecode.swift; path = CustomTextField.swift; sourceTree = "<group>"; };
		2195DFD02AA7E6A800F17D7D /* CustomButton.swift */ = {isa = PBXFileReference; lastKnownFileType = sourcecode.swift; path = CustomButton.swift; sourceTree = "<group>"; };
		21A7E0E42AA6832C004D3E98 /* signup-ui.app */ = {isa = PBXFileReference; explicitFileType = wrapper.application; includeInIndex = 0; path = "signup-ui.app"; sourceTree = BUILT_PRODUCTS_DIR; };
		21A7E0E72AA6832C004D3E98 /* signup_uiApp.swift */ = {isa = PBXFileReference; lastKnownFileType = sourcecode.swift; path = signup_uiApp.swift; sourceTree = "<group>"; };
		21A7E0E92AA6832C004D3E98 /* ContentView.swift */ = {isa = PBXFileReference; lastKnownFileType = sourcecode.swift; path = ContentView.swift; sourceTree = "<group>"; };
		21A7E0EB2AA6832E004D3E98 /* Assets.xcassets */ = {isa = PBXFileReference; lastKnownFileType = folder.assetcatalog; path = Assets.xcassets; sourceTree = "<group>"; };
		21A7E0EE2AA6832E004D3E98 /* Preview Assets.xcassets */ = {isa = PBXFileReference; lastKnownFileType = folder.assetcatalog; path = "Preview Assets.xcassets"; sourceTree = "<group>"; };
		21A7E0F62AA683A0004D3E98 /* OTPVerificationVIew.swift */ = {isa = PBXFileReference; lastKnownFileType = sourcecode.swift; path = OTPVerificationVIew.swift; sourceTree = "<group>"; };
		21A7E0F82AA695F9004D3E98 /* OTPVIew.swift */ = {isa = PBXFileReference; lastKnownFileType = sourcecode.swift; path = OTPVIew.swift; sourceTree = "<group>"; };
/* End PBXFileReference section */

/* Begin PBXFrameworksBuildPhase section */
		21A7E0E12AA6832C004D3E98 /* Frameworks */ = {
			isa = PBXFrameworksBuildPhase;
			buildActionMask = 2147483647;
			files = (
			);
			runOnlyForDeploymentPostprocessing = 0;
		};
/* End PBXFrameworksBuildPhase section */

/* Begin PBXGroup section */
		2195DFCB2AA7DB9100F17D7D /* Components */ = {
			isa = PBXGroup;
			children = (
				2195DFCC2AA7DBBC00F17D7D /* View+Extensions.swift */,
			);
			path = Components;
			sourceTree = "<group>";
		};
		21A7E0DB2AA6832C004D3E98 = {
			isa = PBXGroup;
			children = (
				21A7E0E62AA6832C004D3E98 /* signup-ui */,
				21A7E0E52AA6832C004D3E98 /* Products */,
			);
			sourceTree = "<group>";
		};
		21A7E0E52AA6832C004D3E98 /* Products */ = {
			isa = PBXGroup;
			children = (
				21A7E0E42AA6832C004D3E98 /* signup-ui.app */,
			);
			name = Products;
			sourceTree = "<group>";
		};
		21A7E0E62AA6832C004D3E98 /* signup-ui */ = {
			isa = PBXGroup;
			children = (
				2195DFCB2AA7DB9100F17D7D /* Components */,
				21A7E0F52AA68380004D3E98 /* View */,
				21A7E0E72AA6832C004D3E98 /* signup_uiApp.swift */,
				21A7E0E92AA6832C004D3E98 /* ContentView.swift */,
				21A7E0EB2AA6832E004D3E98 /* Assets.xcassets */,
				21A7E0ED2AA6832E004D3E98 /* Preview Content */,
			);
			path = "signup-ui";
			sourceTree = "<group>";
		};
		21A7E0ED2AA6832E004D3E98 /* Preview Content */ = {
			isa = PBXGroup;
			children = (
				21A7E0EE2AA6832E004D3E98 /* Preview Assets.xcassets */,
			);
			path = "Preview Content";
			sourceTree = "<group>";
		};
		21A7E0F52AA68380004D3E98 /* View */ = {
			isa = PBXGroup;
			children = (
				21A7E0F62AA683A0004D3E98 /* OTPVerificationVIew.swift */,
				21A7E0F82AA695F9004D3E98 /* OTPVIew.swift */,
				2195DFC92AA7D9C900F17D7D /* LoginView.swift */,
				2195DFCE2AA7DE3600F17D7D /* CustomTextField.swift */,
				2195DFD02AA7E6A800F17D7D /* CustomButton.swift */,
			);
			path = View;
			sourceTree = "<group>";
		};
/* End PBXGroup section */

/* Begin PBXNativeTarget section */
		21A7E0E32AA6832C004D3E98 /* signup-ui */ = {
			isa = PBXNativeTarget;
			buildConfigurationList = 21A7E0F22AA6832E004D3E98 /* Build configuration list for PBXNativeTarget "signup-ui" */;
			buildPhases = (
				21A7E0E02AA6832C004D3E98 /* Sources */,
				21A7E0E12AA6832C004D3E98 /* Frameworks */,
				21A7E0E22AA6832C004D3E98 /* Resources */,
			);
			buildRules = (
			);
			dependencies = (
			);
			name = "signup-ui";
			productName = "signup-ui";
			productReference = 21A7E0E42AA6832C004D3E98 /* signup-ui.app */;
			productType = "com.apple.product-type.application";
		};
/* End PBXNativeTarget section */

/* Begin PBXProject section */
		21A7E0DC2AA6832C004D3E98 /* Project object */ = {
			isa = PBXProject;
			attributes = {
				BuildIndependentTargetsInParallel = 1;
				LastSwiftUpdateCheck = 1430;
				LastUpgradeCheck = 1430;
				TargetAttributes = {
					21A7E0E32AA6832C004D3E98 = {
						CreatedOnToolsVersion = 14.3.1;
					};
				};
			};
			buildConfigurationList = 21A7E0DF2AA6832C004D3E98 /* Build configuration list for PBXProject "signup-ui" */;
			compatibilityVersion = "Xcode 14.0";
			developmentRegion = en;
			hasScannedForEncodings = 0;
			knownRegions = (
				en,
				Base,
			);
			mainGroup = 21A7E0DB2AA6832C004D3E98;
			productRefGroup = 21A7E0E52AA6832C004D3E98 /* Products */;
			projectDirPath = "";
			projectRoot = "";
			targets = (
				21A7E0E32AA6832C004D3E98 /* signup-ui */,
			);
		};
/* End PBXProject section */

/* Begin PBXResourcesBuildPhase section */
		21A7E0E22AA6832C004D3E98 /* Resources */ = {
			isa = PBXResourcesBuildPhase;
			buildActionMask = 2147483647;
			files = (
				21A7E0EF2AA6832E004D3E98 /* Preview Assets.xcassets in Resources */,
				21A7E0EC2AA6832E004D3E98 /* Assets.xcassets in Resources */,
			);
			runOnlyForDeploymentPostprocessing = 0;
		};
/* End PBXResourcesBuildPhase section */

/* Begin PBXSourcesBuildPhase section */
		21A7E0E02AA6832C004D3E98 /* Sources */ = {
			isa = PBXSourcesBuildPhase;
			buildActionMask = 2147483647;
			files = (
				2195DFCF2AA7DE3600F17D7D /* CustomTextField.swift in Sources */,
				21A7E0F72AA683A0004D3E98 /* OTPVerificationVIew.swift in Sources */,
				21A7E0EA2AA6832C004D3E98 /* ContentView.swift in Sources */,
				21A7E0F92AA695F9004D3E98 /* OTPVIew.swift in Sources */,
				2195DFD12AA7E6A800F17D7D /* CustomButton.swift in Sources */,
				2195DFCA2AA7D9C900F17D7D /* LoginView.swift in Sources */,
				2195DFCD2AA7DBBC00F17D7D /* View+Extensions.swift in Sources */,
				21A7E0E82AA6832C004D3E98 /* signup_uiApp.swift in Sources */,
			);
			runOnlyForDeploymentPostprocessing = 0;
		};
/* End PBXSourcesBuildPhase section */

/* Begin XCBuildConfiguration section */
		21A7E0F02AA6832E004D3E98 /* Debug */ = {
			isa = XCBuildConfiguration;
			buildSettings = {
				ALWAYS_SEARCH_USER_PATHS = NO;
				CLANG_ANALYZER_NONNULL = YES;
				CLANG_ANALYZER_NUMBER_OBJECT_CONVERSION = YES_AGGRESSIVE;
				CLANG_CXX_LANGUAGE_STANDARD = "gnu++20";
				CLANG_ENABLE_MODULES = YES;
				CLANG_ENABLE_OBJC_ARC = YES;
				CLANG_ENABLE_OBJC_WEAK = YES;
				CLANG_WARN_BLOCK_CAPTURE_AUTORELEASING = YES;
				CLANG_WARN_BOOL_CONVERSION = YES;
				CLANG_WARN_COMMA = YES;
				CLANG_WARN_CONSTANT_CONVERSION = YES;
				CLANG_WARN_DEPRECATED_OBJC_IMPLEMENTATIONS = YES;
				CLANG_WARN_DIRECT_OBJC_ISA_USAGE = YES_ERROR;
				CLANG_WARN_DOCUMENTATION_COMMENTS = YES;
				CLANG_WARN_EMPTY_BODY = YES;
				CLANG_WARN_ENUM_CONVERSION = YES;
				CLANG_WARN_INFINITE_RECURSION = YES;
				CLANG_WARN_INT_CONVERSION = YES;
				CLANG_WARN_NON_LITERAL_NULL_CONVERSION = YES;
				CLANG_WARN_OBJC_IMPLICIT_RETAIN_SELF = YES;
				CLANG_WARN_OBJC_LITERAL_CONVERSION = YES;
				CLANG_WARN_OBJC_ROOT_CLASS = YES_ERROR;
				CLANG_WARN_QUOTED_INCLUDE_IN_FRAMEWORK_HEADER = YES;
				CLANG_WARN_RANGE_LOOP_ANALYSIS = YES;
				CLANG_WARN_STRICT_PROTOTYPES = YES;
				CLANG_WARN_SUSPICIOUS_MOVE = YES;
				CLANG_WARN_UNGUARDED_AVAILABILITY = YES_AGGRESSIVE;
				CLANG_WARN_UNREACHABLE_CODE = YES;
				CLANG_WARN__DUPLICATE_METHOD_MATCH = YES;
				COPY_PHASE_STRIP = NO;
				DEBUG_INFORMATION_FORMAT = dwarf;
				ENABLE_STRICT_OBJC_MSGSEND = YES;
				ENABLE_TESTABILITY = YES;
				GCC_C_LANGUAGE_STANDARD = gnu11;
				GCC_DYNAMIC_NO_PIC = NO;
				GCC_NO_COMMON_BLOCKS = YES;
				GCC_OPTIMIZATION_LEVEL = 0;
				GCC_PREPROCESSOR_DEFINITIONS = (
					"DEBUG=1",
					"$(inherited)",
				);
				GCC_WARN_64_TO_32_BIT_CONVERSION = YES;
				GCC_WARN_ABOUT_RETURN_TYPE = YES_ERROR;
				GCC_WARN_UNDECLARED_SELECTOR = YES;
				GCC_WARN_UNINITIALIZED_AUTOS = YES_AGGRESSIVE;
				GCC_WARN_UNUSED_FUNCTION = YES;
				GCC_WARN_UNUSED_VARIABLE = YES;
				IPHONEOS_DEPLOYMENT_TARGET = 16.4;
				MTL_ENABLE_DEBUG_INFO = INCLUDE_SOURCE;
				MTL_FAST_MATH = YES;
				ONLY_ACTIVE_ARCH = YES;
				SDKROOT = iphoneos;
				SWIFT_ACTIVE_COMPILATION_CONDITIONS = DEBUG;
				SWIFT_OPTIMIZATION_LEVEL = "-Onone";
			};
			name = Debug;
		};
		21A7E0F12AA6832E004D3E98 /* Release */ = {
			isa = XCBuildConfiguration;
			buildSettings = {
				ALWAYS_SEARCH_USER_PATHS = NO;
				CLANG_ANALYZER_NONNULL = YES;
				CLANG_ANALYZER_NUMBER_OBJECT_CONVERSION = YES_AGGRESSIVE;
				CLANG_CXX_LANGUAGE_STANDARD = "gnu++20";
				CLANG_ENABLE_MODULES = YES;
				CLANG_ENABLE_OBJC_ARC = YES;
				CLANG_ENABLE_OBJC_WEAK = YES;
				CLANG_WARN_BLOCK_CAPTURE_AUTORELEASING = YES;
				CLANG_WARN_BOOL_CONVERSION = YES;
				CLANG_WARN_COMMA = YES;
				CLANG_WARN_CONSTANT_CONVERSION = YES;
				CLANG_WARN_DEPRECATED_OBJC_IMPLEMENTATIONS = YES;
				CLANG_WARN_DIRECT_OBJC_ISA_USAGE = YES_ERROR;
				CLANG_WARN_DOCUMENTATION_COMMENTS = YES;
				CLANG_WARN_EMPTY_BODY = YES;
				CLANG_WARN_ENUM_CONVERSION = YES;
				CLANG_WARN_INFINITE_RECURSION = YES;
				CLANG_WARN_INT_CONVERSION = YES;
				CLANG_WARN_NON_LITERAL_NULL_CONVERSION = YES;
				CLANG_WARN_OBJC_IMPLICIT_RETAIN_SELF = YES;
				CLANG_WARN_OBJC_LITERAL_CONVERSION = YES;
				CLANG_WARN_OBJC_ROOT_CLASS = YES_ERROR;
				CLANG_WARN_QUOTED_INCLUDE_IN_FRAMEWORK_HEADER = YES;
				CLANG_WARN_RANGE_LOOP_ANALYSIS = YES;
				CLANG_WARN_STRICT_PROTOTYPES = YES;
				CLANG_WARN_SUSPICIOUS_MOVE = YES;
				CLANG_WARN_UNGUARDED_AVAILABILITY = YES_AGGRESSIVE;
				CLANG_WARN_UNREACHABLE_CODE = YES;
				CLANG_WARN__DUPLICATE_METHOD_MATCH = YES;
				COPY_PHASE_STRIP = NO;
				DEBUG_INFORMATION_FORMAT = "dwarf-with-dsym";
				ENABLE_NS_ASSERTIONS = NO;
				ENABLE_STRICT_OBJC_MSGSEND = YES;
				GCC_C_LANGUAGE_STANDARD = gnu11;
				GCC_NO_COMMON_BLOCKS = YES;
				GCC_WARN_64_TO_32_BIT_CONVERSION = YES;
				GCC_WARN_ABOUT_RETURN_TYPE = YES_ERROR;
				GCC_WARN_UNDECLARED_SELECTOR = YES;
				GCC_WARN_UNINITIALIZED_AUTOS = YES_AGGRESSIVE;
				GCC_WARN_UNUSED_FUNCTION = YES;
				GCC_WARN_UNUSED_VARIABLE = YES;
				IPHONEOS_DEPLOYMENT_TARGET = 16.4;
				MTL_ENABLE_DEBUG_INFO = NO;
				MTL_FAST_MATH = YES;
				SDKROOT = iphoneos;
				SWIFT_COMPILATION_MODE = wholemodule;
				SWIFT_OPTIMIZATION_LEVEL = "-O";
				VALIDATE_PRODUCT = YES;
			};
			name = Release;
		};
		21A7E0F32AA6832E004D3E98 /* Debug */ = {
			isa = XCBuildConfiguration;
			buildSettings = {
				ASSETCATALOG_COMPILER_APPICON_NAME = AppIcon;
				ASSETCATALOG_COMPILER_GLOBAL_ACCENT_COLOR_NAME = AccentColor;
				CODE_SIGN_STYLE = Automatic;
				CURRENT_PROJECT_VERSION = 1;
				DEVELOPMENT_ASSET_PATHS = "\"signup-ui/Preview Content\"";
				DEVELOPMENT_TEAM = HU73YD5J6R;
				ENABLE_PREVIEWS = YES;
				GENERATE_INFOPLIST_FILE = YES;
				INFOPLIST_KEY_UIApplicationSceneManifest_Generation = YES;
				INFOPLIST_KEY_UIApplicationSupportsIndirectInputEvents = YES;
				INFOPLIST_KEY_UILaunchScreen_Generation = YES;
				INFOPLIST_KEY_UISupportedInterfaceOrientations_iPad = "UIInterfaceOrientationPortrait UIInterfaceOrientationPortraitUpsideDown UIInterfaceOrientationLandscapeLeft UIInterfaceOrientationLandscapeRight";
				INFOPLIST_KEY_UISupportedInterfaceOrientations_iPhone = "UIInterfaceOrientationPortrait UIInterfaceOrientationLandscapeLeft UIInterfaceOrientationLandscapeRight";
				LD_RUNPATH_SEARCH_PATHS = (
					"$(inherited)",
					"@executable_path/Frameworks",
				);
				MARKETING_VERSION = 1.0;
				PRODUCT_BUNDLE_IDENTIFIER = "com.mdsrmed.signup-ui";
				PRODUCT_NAME = "$(TARGET_NAME)";
				SWIFT_EMIT_LOC_STRINGS = YES;
				SWIFT_VERSION = 5.0;
				TARGETED_DEVICE_FAMILY = "1,2";
			};
			name = Debug;
		};
		21A7E0F42AA6832E004D3E98 /* Release */ = {
			isa = XCBuildConfiguration;
			buildSettings = {
				ASSETCATALOG_COMPILER_APPICON_NAME = AppIcon;
				ASSETCATALOG_COMPILER_GLOBAL_ACCENT_COLOR_NAME = AccentColor;
				CODE_SIGN_STYLE = Automatic;
				CURRENT_PROJECT_VERSION = 1;
				DEVELOPMENT_ASSET_PATHS = "\"signup-ui/Preview Content\"";
				DEVELOPMENT_TEAM = HU73YD5J6R;
				ENABLE_PREVIEWS = YES;
				GENERATE_INFOPLIST_FILE = YES;
				INFOPLIST_KEY_UIApplicationSceneManifest_Generation = YES;
				INFOPLIST_KEY_UIApplicationSupportsIndirectInputEvents = YES;
				INFOPLIST_KEY_UILaunchScreen_Generation = YES;
				INFOPLIST_KEY_UISupportedInterfaceOrientations_iPad = "UIInterfaceOrientationPortrait UIInterfaceOrientationPortraitUpsideDown UIInterfaceOrientationLandscapeLeft UIInterfaceOrientationLandscapeRight";
				INFOPLIST_KEY_UISupportedInterfaceOrientations_iPhone = "UIInterfaceOrientationPortrait UIInterfaceOrientationLandscapeLeft UIInterfaceOrientationLandscapeRight";
				LD_RUNPATH_SEARCH_PATHS = (
					"$(inherited)",
					"@executable_path/Frameworks",
				);
				MARKETING_VERSION = 1.0;
				PRODUCT_BUNDLE_IDENTIFIER = "com.mdsrmed.signup-ui";
				PRODUCT_NAME = "$(TARGET_NAME)";
				SWIFT_EMIT_LOC_STRINGS = YES;
				SWIFT_VERSION = 5.0;
				TARGETED_DEVICE_FAMILY = "1,2";
			};
			name = Release;
		};
/* End XCBuildConfiguration section */

/* Begin XCConfigurationList section */
		21A7E0DF2AA6832C004D3E98 /* Build configuration list for PBXProject "signup-ui" */ = {
			isa = XCConfigurationList;
			buildConfigurations = (
				21A7E0F02AA6832E004D3E98 /* Debug */,
				21A7E0F12AA6832E004D3E98 /* Release */,
			);
			defaultConfigurationIsVisible = 0;
			defaultConfigurationName = Release;
		};
		21A7E0F22AA6832E004D3E98 /* Build configuration list for PBXNativeTarget "signup-ui" */ = {
			isa = XCConfigurationList;
			buildConfigurations = (
				21A7E0F32AA6832E004D3E98 /* Debug */,
				21A7E0F42AA6832E004D3E98 /* Release */,
			);
			defaultConfigurationIsVisible = 0;
			defaultConfigurationName = Release;
		};
/* End XCConfigurationList section */
	};
	rootObject = 21A7E0DC2AA6832C004D3E98 /* Project object */;
}
